
Microsoft Visual Studio Solution File, Format Version 12.00
# Visual Studio 15
VisualStudioVersion = 15.0.33026.149
MinimumVisualStudioVersion = 10.0.40219.1
Project("{FAE04EC0-301F-11D3-BF4B-00C04F79EFBC}") = "AjaxPerfmncTask", "AjaxPerfmncTask\AjaxPerfmncTask.csproj", "{574183BE-34CB-436F-A765-067941BFB806}"
EndProject
Global
	GlobalSection(SolutionConfigurationPlatforms) = preSolution
		Debug|Any CPU = Debug|Any CPU
		Release|Any CPU = Release|Any CPU
	EndGlobalSection
	GlobalSection(ProjectConfigurationPlatforms) = postSolution
		{574183BE-34CB-436F-A765-067941BFB806}.Debug|Any CPU.ActiveCfg = Debug|Any CPU
		{574183BE-34CB-436F-A765-067941BFB806}.Debug|Any CPU.Build.0 = Debug|Any CPU
		{574183BE-34CB-436F-A765-067941BFB806}.Release|Any CPU.ActiveCfg = Release|Any CPU
		{574183BE-34CB-436F-A765-067941BFB806}.Release|Any CPU.Build.0 = Release|Any CPU
	EndGlobalSection
	GlobalSection(SolutionProperties) = preSolution
		HideSolutionNode = FALSE
	EndGlobalSection
	GlobalSection(ExtensibilityGlobals) = postSolution
		SolutionGuid = {1B8C1B67-759B-4482-ACEC-FEDE0696C892}
	EndGlobalSection
EndGlobal
